// !$*UTF8*$!
{
	archiveVersion = 1;
	classes = {
	};
	objectVersion = 46;
	objects = {

/* Begin PBXBuildFile section */
		9F4FFC0819417CA30063DB8B /* Foundation.framework in Frameworks */ = {isa = PBXBuildFile; fileRef = 9F4FFC0719417CA30063DB8B /* Foundation.framework */; };
		9F4FFC0A19417CA30063DB8B /* CoreGraphics.framework in Frameworks */ = {isa = PBXBuildFile; fileRef = 9F4FFC0919417CA30063DB8B /* CoreGraphics.framework */; };
		9F4FFC0C19417CA30063DB8B /* UIKit.framework in Frameworks */ = {isa = PBXBuildFile; fileRef = 9F4FFC0B19417CA30063DB8B /* UIKit.framework */; };
		9F4FFC1219417CA30063DB8B /* InfoPlist.strings in Resources */ = {isa = PBXBuildFile; fileRef = 9F4FFC1019417CA30063DB8B /* InfoPlist.strings */; };
		9F4FFC1419417CA30063DB8B /* main.m in Sources */ = {isa = PBXBuildFile; fileRef = 9F4FFC1319417CA30063DB8B /* main.m */; };
		9F4FFC1819417CA30063DB8B /* ASAppDelegate.m in Sources */ = {isa = PBXBuildFile; fileRef = 9F4FFC1719417CA30063DB8B /* ASAppDelegate.m */; };
		9F4FFC1B19417CA30063DB8B /* Main.storyboard in Resources */ = {isa = PBXBuildFile; fileRef = 9F4FFC1919417CA30063DB8B /* Main.storyboard */; };
		9F4FFC1E19417CA30063DB8B /* ASViewController.m in Sources */ = {isa = PBXBuildFile; fileRef = 9F4FFC1D19417CA30063DB8B /* ASViewController.m */; };
		9F4FFC2019417CA30063DB8B /* Images.xcassets in Resources */ = {isa = PBXBuildFile; fileRef = 9F4FFC1F19417CA30063DB8B /* Images.xcassets */; };
		9F4FFC2719417CA30063DB8B /* XCTest.framework in Frameworks */ = {isa = PBXBuildFile; fileRef = 9F4FFC2619417CA30063DB8B /* XCTest.framework */; };
		9F4FFC2819417CA30063DB8B /* Foundation.framework in Frameworks */ = {isa = PBXBuildFile; fileRef = 9F4FFC0719417CA30063DB8B /* Foundation.framework */; };
		9F4FFC2919417CA30063DB8B /* UIKit.framework in Frameworks */ = {isa = PBXBuildFile; fileRef = 9F4FFC0B19417CA30063DB8B /* UIKit.framework */; };
		9F4FFC3119417CA30063DB8B /* InfoPlist.strings in Resources */ = {isa = PBXBuildFile; fileRef = 9F4FFC2F19417CA30063DB8B /* InfoPlist.strings */; };
		9F4FFC3319417CA30063DB8B /* ASMapViewSampleTests.m in Sources */ = {isa = PBXBuildFile; fileRef = 9F4FFC3219417CA30063DB8B /* ASMapViewSampleTests.m */; };
		9F4FFC3D19417CCE0063DB8B /* MapKit.framework in Frameworks */ = {isa = PBXBuildFile; fileRef = 9F4FFC3C19417CCE0063DB8B /* MapKit.framework */; };
		9F4FFC4419417E090063DB8B /* ASMapView.m in Sources */ = {isa = PBXBuildFile; fileRef = 9F4FFC4319417E090063DB8B /* ASMapView.m */; };
/* End PBXBuildFile section */

/* Begin PBXContainerItemProxy section */
		9F4FFC2A19417CA30063DB8B /* PBXContainerItemProxy */ = {
			isa = PBXContainerItemProxy;
			containerPortal = 9F4FFBFC19417CA30063DB8B /* Project object */;
			proxyType = 1;
			remoteGlobalIDString = 9F4FFC0319417CA30063DB8B;
			remoteInfo = ASMapViewSample;
		};
/* End PBXContainerItemProxy section */

/* Begin PBXFileReference section */
		9F4FFC0419417CA30063DB8B /* ASMapViewSample.app */ = {isa = PBXFileReference; explicitFileType = wrapper.application; includeInIndex = 0; path = ASMapViewSample.app; sourceTree = BUILT_PRODUCTS_DIR; };
		9F4FFC0719417CA30063DB8B /* Foundation.framework */ = {isa = PBXFileReference; lastKnownFileType = wrapper.framework; name = Foundation.framework; path = System/Library/Frameworks/Foundation.framework; sourceTree = SDKROOT; };
		9F4FFC0919417CA30063DB8B /* CoreGraphics.framework */ = {isa = PBXFileReference; lastKnownFileType = wrapper.framework; name = CoreGraphics.framework; path = System/Library/Frameworks/CoreGraphics.framework; sourceTree = SDKROOT; };
		9F4FFC0B19417CA30063DB8B /* UIKit.framework */ = {isa = PBXFileReference; lastKnownFileType = wrapper.framework; name = UIKit.framework; path = System/Library/Frameworks/UIKit.framework; sourceTree = SDKROOT; };
		9F4FFC0F19417CA30063DB8B /* ASMapViewSample-Info.plist */ = {isa = PBXFileReference; lastKnownFileType = text.plist.xml; path = "ASMapViewSample-Info.plist"; sourceTree = "<group>"; };
		9F4FFC1119417CA30063DB8B /* en */ = {isa = PBXFileReference; lastKnownFileType = text.plist.strings; name = en; path = en.lproj/InfoPlist.strings; sourceTree = "<group>"; };
		9F4FFC1319417CA30063DB8B /* main.m */ = {isa = PBXFileReference; lastKnownFileType = sourcecode.c.objc; path = main.m; sourceTree = "<group>"; };
		9F4FFC1519417CA30063DB8B /* ASMapViewSample-Prefix.pch */ = {isa = PBXFileReference; lastKnownFileType = sourcecode.c.h; path = "ASMapViewSample-Prefix.pch"; sourceTree = "<group>"; };
		9F4FFC1619417CA30063DB8B /* ASAppDelegate.h */ = {isa = PBXFileReference; lastKnownFileType = sourcecode.c.h; path = ASAppDelegate.h; sourceTree = "<group>"; };
		9F4FFC1719417CA30063DB8B /* ASAppDelegate.m */ = {isa = PBXFileReference; lastKnownFileType = sourcecode.c.objc; path = ASAppDelegate.m; sourceTree = "<group>"; };
		9F4FFC1A19417CA30063DB8B /* Base */ = {isa = PBXFileReference; lastKnownFileType = file.storyboard; name = Base; path = Base.lproj/Main.storyboard; sourceTree = "<group>"; };
		9F4FFC1C19417CA30063DB8B /* ASViewController.h */ = {isa = PBXFileReference; lastKnownFileType = sourcecode.c.h; path = ASViewController.h; sourceTree = "<group>"; };
		9F4FFC1D19417CA30063DB8B /* ASViewController.m */ = {isa = PBXFileReference; lastKnownFileType = sourcecode.c.objc; path = ASViewController.m; sourceTree = "<group>"; };
		9F4FFC1F19417CA30063DB8B /* Images.xcassets */ = {isa = PBXFileReference; lastKnownFileType = folder.assetcatalog; path = Images.xcassets; sourceTree = "<group>"; };
		9F4FFC2519417CA30063DB8B /* ASMapViewSampleTests.xctest */ = {isa = PBXFileReference; explicitFileType = wrapper.cfbundle; includeInIndex = 0; path = ASMapViewSampleTests.xctest; sourceTree = BUILT_PRODUCTS_DIR; };
		9F4FFC2619417CA30063DB8B /* XCTest.framework */ = {isa = PBXFileReference; lastKnownFileType = wrapper.framework; name = XCTest.framework; path = Library/Frameworks/XCTest.framework; sourceTree = DEVELOPER_DIR; };
		9F4FFC2E19417CA30063DB8B /* ASMapViewSampleTests-Info.plist */ = {isa = PBXFileReference; lastKnownFileType = text.plist.xml; path = "ASMapViewSampleTests-Info.plist"; sourceTree = "<group>"; };
		9F4FFC3019417CA30063DB8B /* en */ = {isa = PBXFileReference; lastKnownFileType = text.plist.strings; name = en; path = en.lproj/InfoPlist.strings; sourceTree = "<group>"; };
		9F4FFC3219417CA30063DB8B /* ASMapViewSampleTests.m */ = {isa = PBXFileReference; lastKnownFileType = sourcecode.c.objc; path = ASMapViewSampleTests.m; sourceTree = "<group>"; };
		9F4FFC3C19417CCE0063DB8B /* MapKit.framework */ = {isa = PBXFileReference; lastKnownFileType = wrapper.framework; name = MapKit.framework; path = System/Library/Frameworks/MapKit.framework; sourceTree = SDKROOT; };
		9F4FFC4219417E090063DB8B /* ASMapView.h */ = {isa = PBXFileReference; fileEncoding = 4; lastKnownFileType = sourcecode.c.h; name = ASMapView.h; path = ../lib/ASMapView.h; sourceTree = "<group>"; };
		9F4FFC4319417E090063DB8B /* ASMapView.m */ = {isa = PBXFileReference; fileEncoding = 4; lastKnownFileType = sourcecode.c.objc; name = ASMapView.m; path = ../lib/ASMapView.m; sourceTree = "<group>"; };
/* End PBXFileReference section */

/* Begin PBXFrameworksBuildPhase section */
		9F4FFC0119417CA30063DB8B /* Frameworks */ = {
			isa = PBXFrameworksBuildPhase;
			buildActionMask = 2147483647;
			files = (
				9F4FFC3D19417CCE0063DB8B /* MapKit.framework in Frameworks */,
				9F4FFC0A19417CA30063DB8B /* CoreGraphics.framework in Frameworks */,
				9F4FFC0C19417CA30063DB8B /* UIKit.framework in Frameworks */,
				9F4FFC0819417CA30063DB8B /* Foundation.framework in Frameworks */,
			);
			runOnlyForDeploymentPostprocessing = 0;
		};
		9F4FFC2219417CA30063DB8B /* Frameworks */ = {
			isa = PBXFrameworksBuildPhase;
			buildActionMask = 2147483647;
			files = (
				9F4FFC2719417CA30063DB8B /* XCTest.framework in Frameworks */,
				9F4FFC2919417CA30063DB8B /* UIKit.framework in Frameworks */,
				9F4FFC2819417CA30063DB8B /* Foundation.framework in Frameworks */,
			);
			runOnlyForDeploymentPostprocessing = 0;
		};
/* End PBXFrameworksBuildPhase section */

/* Begin PBXGroup section */
		9F4FFBFB19417CA30063DB8B = {
			isa = PBXGroup;
			children = (
				9F4FFC3E19417CF70063DB8B /* lib */,
				9F4FFC0D19417CA30063DB8B /* ASMapViewSample */,
				9F4FFC2C19417CA30063DB8B /* ASMapViewSampleTests */,
				9F4FFC0619417CA30063DB8B /* Frameworks */,
				9F4FFC0519417CA30063DB8B /* Products */,
			);
			sourceTree = "<group>";
		};
		9F4FFC0519417CA30063DB8B /* Products */ = {
			isa = PBXGroup;
			children = (
				9F4FFC0419417CA30063DB8B /* ASMapViewSample.app */,
				9F4FFC2519417CA30063DB8B /* ASMapViewSampleTests.xctest */,
			);
			name = Products;
			sourceTree = "<group>";
		};
		9F4FFC0619417CA30063DB8B /* Frameworks */ = {
			isa = PBXGroup;
			children = (
				9F4FFC3C19417CCE0063DB8B /* MapKit.framework */,
				9F4FFC0719417CA30063DB8B /* Foundation.framework */,
				9F4FFC0919417CA30063DB8B /* CoreGraphics.framework */,
				9F4FFC0B19417CA30063DB8B /* UIKit.framework */,
				9F4FFC2619417CA30063DB8B /* XCTest.framework */,
			);
			name = Frameworks;
			sourceTree = "<group>";
		};
		9F4FFC0D19417CA30063DB8B /* ASMapViewSample */ = {
			isa = PBXGroup;
			children = (
				9F4FFC1619417CA30063DB8B /* ASAppDelegate.h */,
				9F4FFC1719417CA30063DB8B /* ASAppDelegate.m */,
				9F4FFC1919417CA30063DB8B /* Main.storyboard */,
				9F4FFC1C19417CA30063DB8B /* ASViewController.h */,
				9F4FFC1D19417CA30063DB8B /* ASViewController.m */,
				9F4FFC1F19417CA30063DB8B /* Images.xcassets */,
				9F4FFC0E19417CA30063DB8B /* Supporting Files */,
			);
			path = ASMapViewSample;
			sourceTree = "<group>";
		};
		9F4FFC0E19417CA30063DB8B /* Supporting Files */ = {
			isa = PBXGroup;
			children = (
				9F4FFC0F19417CA30063DB8B /* ASMapViewSample-Info.plist */,
				9F4FFC1019417CA30063DB8B /* InfoPlist.strings */,
				9F4FFC1319417CA30063DB8B /* main.m */,
				9F4FFC1519417CA30063DB8B /* ASMapViewSample-Prefix.pch */,
			);
			name = "Supporting Files";
			sourceTree = "<group>";
		};
		9F4FFC2C19417CA30063DB8B /* ASMapViewSampleTests */ = {
			isa = PBXGroup;
			children = (
				9F4FFC3219417CA30063DB8B /* ASMapViewSampleTests.m */,
				9F4FFC2D19417CA30063DB8B /* Supporting Files */,
			);
			path = ASMapViewSampleTests;
			sourceTree = "<group>";
		};
		9F4FFC2D19417CA30063DB8B /* Supporting Files */ = {
			isa = PBXGroup;
			children = (
				9F4FFC2E19417CA30063DB8B /* ASMapViewSampleTests-Info.plist */,
				9F4FFC2F19417CA30063DB8B /* InfoPlist.strings */,
			);
			name = "Supporting Files";
			sourceTree = "<group>";
		};
		9F4FFC3E19417CF70063DB8B /* lib */ = {
			isa = PBXGroup;
			children = (
				9F4FFC4219417E090063DB8B /* ASMapView.h */,
				9F4FFC4319417E090063DB8B /* ASMapView.m */,
			);
			name = lib;
			sourceTree = "<group>";
		};
/* End PBXGroup section */

/* Begin PBXNativeTarget section */
		9F4FFC0319417CA30063DB8B /* ASMapViewSample */ = {
			isa = PBXNativeTarget;
			buildConfigurationList = 9F4FFC3619417CA40063DB8B /* Build configuration list for PBXNativeTarget "ASMapViewSample" */;
			buildPhases = (
				9F4FFC0019417CA30063DB8B /* Sources */,
				9F4FFC0119417CA30063DB8B /* Frameworks */,
				9F4FFC0219417CA30063DB8B /* Resources */,
			);
			buildRules = (
			);
			dependencies = (
			);
			name = ASMapViewSample;
			productName = ASMapViewSample;
			productReference = 9F4FFC0419417CA30063DB8B /* ASMapViewSample.app */;
			productType = "com.apple.product-type.application";
		};
		9F4FFC2419417CA30063DB8B /* ASMapViewSampleTests */ = {
			isa = PBXNativeTarget;
			buildConfigurationList = 9F4FFC3919417CA40063DB8B /* Build configuration list for PBXNativeTarget "ASMapViewSampleTests" */;
			buildPhases = (
				9F4FFC2119417CA30063DB8B /* Sources */,
				9F4FFC2219417CA30063DB8B /* Frameworks */,
				9F4FFC2319417CA30063DB8B /* Resources */,
			);
			buildRules = (
			);
			dependencies = (
				9F4FFC2B19417CA30063DB8B /* PBXTargetDependency */,
			);
			name = ASMapViewSampleTests;
			productName = ASMapViewSampleTests;
			productReference = 9F4FFC2519417CA30063DB8B /* ASMapViewSampleTests.xctest */;
			productType = "com.apple.product-type.bundle.unit-test";
		};
/* End PBXNativeTarget section */

/* Begin PBXProject section */
		9F4FFBFC19417CA30063DB8B /* Project object */ = {
			isa = PBXProject;
			attributes = {
				CLASSPREFIX = AS;
				LastUpgradeCheck = 0510;
				ORGANIZATIONNAME = AssembleLabs;
				TargetAttributes = {
					9F4FFC2419417CA30063DB8B = {
						TestTargetID = 9F4FFC0319417CA30063DB8B;
					};
				};
			};
			buildConfigurationList = 9F4FFBFF19417CA30063DB8B /* Build configuration list for PBXProject "ASMapViewSample" */;
			compatibilityVersion = "Xcode 3.2";
			developmentRegion = English;
			hasScannedForEncodings = 0;
			knownRegions = (
				en,
				Base,
			);
			mainGroup = 9F4FFBFB19417CA30063DB8B;
			productRefGroup = 9F4FFC0519417CA30063DB8B /* Products */;
			projectDirPath = "";
			projectRoot = "";
			targets = (
				9F4FFC0319417CA30063DB8B /* ASMapViewSample */,
				9F4FFC2419417CA30063DB8B /* ASMapViewSampleTests */,
			);
		};
/* End PBXProject section */

/* Begin PBXResourcesBuildPhase section */
		9F4FFC0219417CA30063DB8B /* Resources */ = {
			isa = PBXResourcesBuildPhase;
			buildActionMask = 2147483647;
			files = (
				9F4FFC2019417CA30063DB8B /* Images.xcassets in Resources */,
				9F4FFC1219417CA30063DB8B /* InfoPlist.strings in Resources */,
				9F4FFC1B19417CA30063DB8B /* Main.storyboard in Resources */,
			);
			runOnlyForDeploymentPostprocessing = 0;
		};
		9F4FFC2319417CA30063DB8B /* Resources */ = {
			isa = PBXResourcesBuildPhase;
			buildActionMask = 2147483647;
			files = (
				9F4FFC3119417CA30063DB8B /* InfoPlist.strings in Resources */,
			);
			runOnlyForDeploymentPostprocessing = 0;
		};
/* End PBXResourcesBuildPhase section */

/* Begin PBXSourcesBuildPhase section */
		9F4FFC0019417CA30063DB8B /* Sources */ = {
			isa = PBXSourcesBuildPhase;
			buildActionMask = 2147483647;
			files = (
				9F4FFC1819417CA30063DB8B /* ASAppDelegate.m in Sources */,
				9F4FFC1E19417CA30063DB8B /* ASViewController.m in Sources */,
				9F4FFC1419417CA30063DB8B /* main.m in Sources */,
				9F4FFC4419417E090063DB8B /* ASMapView.m in Sources */,
			);
			runOnlyForDeploymentPostprocessing = 0;
		};
		9F4FFC2119417CA30063DB8B /* Sources */ = {
			isa = PBXSourcesBuildPhase;
			buildActionMask = 2147483647;
			files = (
				9F4FFC3319417CA30063DB8B /* ASMapViewSampleTests.m in Sources */,
			);
			runOnlyForDeploymentPostprocessing = 0;
		};
/* End PBXSourcesBuildPhase section */

/* Begin PBXTargetDependency section */
		9F4FFC2B19417CA30063DB8B /* PBXTargetDependency */ = {
			isa = PBXTargetDependency;
			target = 9F4FFC0319417CA30063DB8B /* ASMapViewSample */;
			targetProxy = 9F4FFC2A19417CA30063DB8B /* PBXContainerItemProxy */;
		};
/* End PBXTargetDependency section */

/* Begin PBXVariantGroup section */
		9F4FFC1019417CA30063DB8B /* InfoPlist.strings */ = {
			isa = PBXVariantGroup;
			children = (
				9F4FFC1119417CA30063DB8B /* en */,
			);
			name = InfoPlist.strings;
			sourceTree = "<group>";
		};
		9F4FFC1919417CA30063DB8B /* Main.storyboard */ = {
			isa = PBXVariantGroup;
			children = (
				9F4FFC1A19417CA30063DB8B /* Base */,
			);
			name = Main.storyboard;
			sourceTree = "<group>";
		};
		9F4FFC2F19417CA30063DB8B /* InfoPlist.strings */ = {
			isa = PBXVariantGroup;
			children = (
				9F4FFC3019417CA30063DB8B /* en */,
			);
			name = InfoPlist.strings;
			sourceTree = "<group>";
		};
/* End PBXVariantGroup section */

/* Begin XCBuildConfiguration section */
		9F4FFC3419417CA40063DB8B /* Debug */ = {
			isa = XCBuildConfiguration;
			buildSettings = {
				ALWAYS_SEARCH_USER_PATHS = NO;
				CLANG_CXX_LANGUAGE_STANDARD = "gnu++0x";
				CLANG_CXX_LIBRARY = "libc++";
				CLANG_ENABLE_MODULES = YES;
				CLANG_ENABLE_OBJC_ARC = YES;
				CLANG_WARN_BOOL_CONVERSION = YES;
				CLANG_WARN_CONSTANT_CONVERSION = YES;
				CLANG_WARN_DIRECT_OBJC_ISA_USAGE = YES_ERROR;
				CLANG_WARN_EMPTY_BODY = YES;
				CLANG_WARN_ENUM_CONVERSION = YES;
				CLANG_WARN_INT_CONVERSION = YES;
				CLANG_WARN_OBJC_ROOT_CLASS = YES_ERROR;
				CLANG_WARN__DUPLICATE_METHOD_MATCH = YES;
				"CODE_SIGN_IDENTITY[sdk=iphoneos*]" = "iPhone Developer";
				COPY_PHASE_STRIP = NO;
				GCC_C_LANGUAGE_STANDARD = gnu99;
				GCC_DYNAMIC_NO_PIC = NO;
				GCC_OPTIMIZATION_LEVEL = 0;
				GCC_PREPROCESSOR_DEFINITIONS = (
					"DEBUG=1",
					"$(inherited)",
				);
				GCC_SYMBOLS_PRIVATE_EXTERN = NO;
				GCC_WARN_64_TO_32_BIT_CONVERSION = YES;
				GCC_WARN_ABOUT_RETURN_TYPE = YES_ERROR;
				GCC_WARN_UNDECLARED_SELECTOR = YES;
				GCC_WARN_UNINITIALIZED_AUTOS = YES_AGGRESSIVE;
				GCC_WARN_UNUSED_FUNCTION = YES;
				GCC_WARN_UNUSED_VARIABLE = YES;
				IPHONEOS_DEPLOYMENT_TARGET = 7.1;
				ONLY_ACTIVE_ARCH = YES;
				SDKROOT = iphoneos;
			};
			name = Debug;
		};
		9F4FFC3519417CA40063DB8B /* Release */ = {
			isa = XCBuildConfiguration;
			buildSettings = {
				ALWAYS_SEARCH_USER_PATHS = NO;
				CLANG_CXX_LANGUAGE_STANDARD = "gnu++0x";
				CLANG_CXX_LIBRARY = "libc++";
				CLANG_ENABLE_MODULES = YES;
				CLANG_ENABLE_OBJC_ARC = YES;
				CLANG_WARN_BOOL_CONVERSION = YES;
				CLANG_WARN_CONSTANT_CONVERSION = YES;
				CLANG_WARN_DIRECT_OBJC_ISA_USAGE = YES_ERROR;
				CLANG_WARN_EMPTY_BODY = YES;
				CLANG_WARN_ENUM_CONVERSION = YES;
				CLANG_WARN_INT_CONVERSION = YES;
				CLANG_WARN_OBJC_ROOT_CLASS = YES_ERROR;
				CLANG_WARN__DUPLICATE_METHOD_MATCH = YES;
				"CODE_SIGN_IDENTITY[sdk=iphoneos*]" = "iPhone Developer";
				COPY_PHASE_STRIP = YES;
				ENABLE_NS_ASSERTIONS = NO;
				GCC_C_LANGUAGE_STANDARD = gnu99;
				GCC_WARN_64_TO_32_BIT_CONVERSION = YES;
				GCC_WARN_ABOUT_RETURN_TYPE = YES_ERROR;
				GCC_WARN_UNDECLARED_SELECTOR = YES;
				GCC_WARN_UNINITIALIZED_AUTOS = YES_AGGRESSIVE;
				GCC_WARN_UNUSED_FUNCTION = YES;
				GCC_WARN_UNUSED_VARIABLE = YES;
				IPHONEOS_DEPLOYMENT_TARGET = 7.1;
				SDKROOT = iphoneos;
				VALIDATE_PRODUCT = YES;
			};
			name = Release;
		};
		9F4FFC3719417CA40063DB8B /* Debug */ = {
			isa = XCBuildConfiguration;
			buildSettings = {
				ASSETCATALOG_COMPILER_APPICON_NAME = AppIcon;
				ASSETCATALOG_COMPILER_LAUNCHIMAGE_NAME = LaunchImage;
				GCC_PRECOMPILE_PREFIX_HEADER = YES;
				GCC_PREFIX_HEADER = "ASMapViewSample/ASMapViewSample-Prefix.pch";
				INFOPLIST_FILE = "ASMapViewSample/ASMapViewSample-Info.plist";
				PRODUCT_NAME = "$(TARGET_NAME)";
				WRAPPER_EXTENSION = app;
			};
			name = Debug;
		};
		9F4FFC3819417CA40063DB8B /* Release */ = {
			isa = XCBuildConfiguration;
			buildSettings = {
				ASSETCATALOG_COMPILER_APPICON_NAME = AppIcon;
				ASSETCATALOG_COMPILER_LAUNCHIMAGE_NAME = LaunchImage;
				GCC_PRECOMPILE_PREFIX_HEADER = YES;
				GCC_PREFIX_HEADER = "ASMapViewSample/ASMapViewSample-Prefix.pch";
				INFOPLIST_FILE = "ASMapViewSample/ASMapViewSample-Info.plist";
				PRODUCT_NAME = "$(TARGET_NAME)";
				WRAPPER_EXTENSION = app;
			};
			name = Release;
		};
		9F4FFC3A19417CA40063DB8B /* Debug */ = {
			isa = XCBuildConfiguration;
			buildSettings = {
				BUNDLE_LOADER = "$(BUILT_PRODUCTS_DIR)/ASMapViewSample.app/ASMapViewSample";
				FRAMEWORK_SEARCH_PATHS = (
					"$(SDKROOT)/Developer/Library/Frameworks",
					"$(inherited)",
					"$(DEVELOPER_FRAMEWORKS_DIR)",
				);
				GCC_PRECOMPILE_PREFIX_HEADER = YES;
				GCC_PREFIX_HEADER = "ASMapViewSample/ASMapViewSample-Prefix.pch";
				GCC_PREPROCESSOR_DEFINITIONS = (
					"DEBUG=1",
					"$(inherited)",
				);
				INFOPLIST_FILE = "ASMapViewSampleTests/ASMapViewSampleTests-Info.plist";
				PRODUCT_NAME = "$(TARGET_NAME)";
				TEST_HOST = "$(BUNDLE_LOADER)";
				WRAPPER_EXTENSION = xctest;
			};
			name = Debug;
		};
		9F4FFC3B19417CA40063DB8B /* Release */ = {
			isa = XCBuildConfiguration;
			buildSettings = {
				BUNDLE_LOADER = "$(BUILT_PRODUCTS_DIR)/ASMapViewSample.app/ASMapViewSample";
				FRAMEWORK_SEARCH_PATHS = (
					"$(SDKROOT)/Developer/Library/Frameworks",
					"$(inherited)",
					"$(DEVELOPER_FRAMEWORKS_DIR)",
				);
				GCC_PRECOMPILE_PREFIX_HEADER = YES;
				GCC_PREFIX_HEADER = "ASMapViewSample/ASMapViewSample-Prefix.pch";
				INFOPLIST_FILE = "ASMapViewSampleTests/ASMapViewSampleTests-Info.plist";
				PRODUCT_NAME = "$(TARGET_NAME)";
				TEST_HOST = "$(BUNDLE_LOADER)";
				WRAPPER_EXTENSION = xctest;
			};
			name = Release;
		};
/* End XCBuildConfiguration section */

/* Begin XCConfigurationList section */
		9F4FFBFF19417CA30063DB8B /* Build configuration list for PBXProject "ASMapViewSample" */ = {
			isa = XCConfigurationList;
			buildConfigurations = (
				9F4FFC3419417CA40063DB8B /* Debug */,
				9F4FFC3519417CA40063DB8B /* Release */,
			);
			defaultConfigurationIsVisible = 0;
			defaultConfigurationName = Release;
		};
		9F4FFC3619417CA40063DB8B /* Build configuration list for PBXNativeTarget "ASMapViewSample" */ = {
			isa = XCConfigurationList;
			buildConfigurations = (
				9F4FFC3719417CA40063DB8B /* Debug */,
				9F4FFC3819417CA40063DB8B /* Release */,
			);
			defaultConfigurationIsVisible = 0;
			defaultConfigurationName = Release;
		};
		9F4FFC3919417CA40063DB8B /* Build configuration list for PBXNativeTarget "ASMapViewSampleTests" */ = {
			isa = XCConfigurationList;
			buildConfigurations = (
				9F4FFC3A19417CA40063DB8B /* Debug */,
				9F4FFC3B19417CA40063DB8B /* Release */,
			);
			defaultConfigurationIsVisible = 0;
			defaultConfigurationName = Release;
		};
/* End XCConfigurationList section */
	};
	rootObject = 9F4FFBFC19417CA30063DB8B /* Project object */;
}
